// !$*UTF8*$!
{
	archiveVersion = 1;
	classes = {
	};
	objectVersion = 50;
	objects = {

/* Begin PBXBuildFile section */
		5DC3C8DCC8C42A4CD96336DF /* Pods_mySalesApp.framework in Frameworks */ = {isa = PBXBuildFile; fileRef = A60717F7327FB077D5627CAB /* Pods_mySalesApp.framework */; };
		674E1477C650A38C5FF2E504 /* Pods_mySalesAppUITests.framework in Frameworks */ = {isa = PBXBuildFile; fileRef = 96FD3EC7F2AA3D87DDDC4B25 /* Pods_mySalesAppUITests.framework */; };
		7B33EDA22227B778004C7822 /* AppDelegate.swift in Sources */ = {isa = PBXBuildFile; fileRef = 7B33EDA12227B778004C7822 /* AppDelegate.swift */; };
		7B33EDA72227B778004C7822 /* Main.storyboard in Resources */ = {isa = PBXBuildFile; fileRef = 7B33EDA52227B778004C7822 /* Main.storyboard */; };
		7B33EDA92227B77E004C7822 /* Assets.xcassets in Resources */ = {isa = PBXBuildFile; fileRef = 7B33EDA82227B77E004C7822 /* Assets.xcassets */; };
		7B33EDAC2227B77E004C7822 /* LaunchScreen.storyboard in Resources */ = {isa = PBXBuildFile; fileRef = 7B33EDAA2227B77E004C7822 /* LaunchScreen.storyboard */; };
		7B33EDB72227B77E004C7822 /* mySalesAppTests.swift in Sources */ = {isa = PBXBuildFile; fileRef = 7B33EDB62227B77E004C7822 /* mySalesAppTests.swift */; };
		7B33EDC22227B77E004C7822 /* mySalesAppUITests.swift in Sources */ = {isa = PBXBuildFile; fileRef = 7B33EDC12227B77E004C7822 /* mySalesAppUITests.swift */; };
		7B33EDD02227BAF7004C7822 /* Item.swift in Sources */ = {isa = PBXBuildFile; fileRef = 7B33EDCF2227BAF7004C7822 /* Item.swift */; };
		7B33EDD42227C9D1004C7822 /* createItemViewController.swift in Sources */ = {isa = PBXBuildFile; fileRef = 7B33EDD32227C9D0004C7822 /* createItemViewController.swift */; };
		7B33EDD62228D5AA004C7822 /* activeItemsViewController.swift in Sources */ = {isa = PBXBuildFile; fileRef = 7B33EDD52228D5AA004C7822 /* activeItemsViewController.swift */; };
		7B4269E1222A7C2300E87C58 /* tabBarViewController.swift in Sources */ = {isa = PBXBuildFile; fileRef = 7B4269E0222A7C2300E87C58 /* tabBarViewController.swift */; };
		C7D67F436411C18BDDEFA958 /* Pods_mySalesAppTests.framework in Frameworks */ = {isa = PBXBuildFile; fileRef = 1707604B69E87C90CB10DBBE /* Pods_mySalesAppTests.framework */; };
/* End PBXBuildFile section */

/* Begin PBXContainerItemProxy section */
		7B33EDB32227B77E004C7822 /* PBXContainerItemProxy */ = {
			isa = PBXContainerItemProxy;
			containerPortal = 7B33ED962227B778004C7822 /* Project object */;
			proxyType = 1;
			remoteGlobalIDString = 7B33ED9D2227B778004C7822;
			remoteInfo = mySalesApp;
		};
		7B33EDBE2227B77E004C7822 /* PBXContainerItemProxy */ = {
			isa = PBXContainerItemProxy;
			containerPortal = 7B33ED962227B778004C7822 /* Project object */;
			proxyType = 1;
			remoteGlobalIDString = 7B33ED9D2227B778004C7822;
			remoteInfo = mySalesApp;
		};
/* End PBXContainerItemProxy section */

/* Begin PBXFileReference section */
		1023581451B56DFB0BC0DBB6 /* Pods-mySalesAppTests.release.xcconfig */ = {isa = PBXFileReference; includeInIndex = 1; lastKnownFileType = text.xcconfig; name = "Pods-mySalesAppTests.release.xcconfig"; path = "Target Support Files/Pods-mySalesAppTests/Pods-mySalesAppTests.release.xcconfig"; sourceTree = "<group>"; };
		1707604B69E87C90CB10DBBE /* Pods_mySalesAppTests.framework */ = {isa = PBXFileReference; explicitFileType = wrapper.framework; includeInIndex = 0; path = Pods_mySalesAppTests.framework; sourceTree = BUILT_PRODUCTS_DIR; };
		7B33ED9E2227B778004C7822 /* mySalesApp.app */ = {isa = PBXFileReference; explicitFileType = wrapper.application; includeInIndex = 0; path = mySalesApp.app; sourceTree = BUILT_PRODUCTS_DIR; };
		7B33EDA12227B778004C7822 /* AppDelegate.swift */ = {isa = PBXFileReference; lastKnownFileType = sourcecode.swift; path = AppDelegate.swift; sourceTree = "<group>"; };
		7B33EDA62227B778004C7822 /* Base */ = {isa = PBXFileReference; lastKnownFileType = file.storyboard; name = Base; path = Base.lproj/Main.storyboard; sourceTree = "<group>"; };
		7B33EDA82227B77E004C7822 /* Assets.xcassets */ = {isa = PBXFileReference; lastKnownFileType = folder.assetcatalog; path = Assets.xcassets; sourceTree = "<group>"; };
		7B33EDAB2227B77E004C7822 /* Base */ = {isa = PBXFileReference; lastKnownFileType = file.storyboard; name = Base; path = Base.lproj/LaunchScreen.storyboard; sourceTree = "<group>"; };
		7B33EDAD2227B77E004C7822 /* Info.plist */ = {isa = PBXFileReference; lastKnownFileType = text.plist.xml; path = Info.plist; sourceTree = "<group>"; };
		7B33EDB22227B77E004C7822 /* mySalesAppTests.xctest */ = {isa = PBXFileReference; explicitFileType = wrapper.cfbundle; includeInIndex = 0; path = mySalesAppTests.xctest; sourceTree = BUILT_PRODUCTS_DIR; };
		7B33EDB62227B77E004C7822 /* mySalesAppTests.swift */ = {isa = PBXFileReference; lastKnownFileType = sourcecode.swift; path = mySalesAppTests.swift; sourceTree = "<group>"; };
		7B33EDB82227B77E004C7822 /* Info.plist */ = {isa = PBXFileReference; lastKnownFileType = text.plist.xml; path = Info.plist; sourceTree = "<group>"; };
		7B33EDBD2227B77E004C7822 /* mySalesAppUITests.xctest */ = {isa = PBXFileReference; explicitFileType = wrapper.cfbundle; includeInIndex = 0; path = mySalesAppUITests.xctest; sourceTree = BUILT_PRODUCTS_DIR; };
		7B33EDC12227B77E004C7822 /* mySalesAppUITests.swift */ = {isa = PBXFileReference; lastKnownFileType = sourcecode.swift; path = mySalesAppUITests.swift; sourceTree = "<group>"; };
		7B33EDC32227B77E004C7822 /* Info.plist */ = {isa = PBXFileReference; lastKnownFileType = text.plist.xml; path = Info.plist; sourceTree = "<group>"; };
		7B33EDCF2227BAF7004C7822 /* Item.swift */ = {isa = PBXFileReference; lastKnownFileType = sourcecode.swift; path = Item.swift; sourceTree = "<group>"; };
		7B33EDD32227C9D0004C7822 /* createItemViewController.swift */ = {isa = PBXFileReference; lastKnownFileType = sourcecode.swift; name = createItemViewController.swift; path = /Users/allanski/Dropbox/apps/mySalesApp/mySalesApp/createItemViewController.swift; sourceTree = "<absolute>"; };
		7B33EDD52228D5AA004C7822 /* activeItemsViewController.swift */ = {isa = PBXFileReference; lastKnownFileType = sourcecode.swift; path = activeItemsViewController.swift; sourceTree = "<group>"; };
		7B4269E0222A7C2300E87C58 /* tabBarViewController.swift */ = {isa = PBXFileReference; lastKnownFileType = sourcecode.swift; path = tabBarViewController.swift; sourceTree = "<group>"; };
		96FD3EC7F2AA3D87DDDC4B25 /* Pods_mySalesAppUITests.framework */ = {isa = PBXFileReference; explicitFileType = wrapper.framework; includeInIndex = 0; path = Pods_mySalesAppUITests.framework; sourceTree = BUILT_PRODUCTS_DIR; };
		A60717F7327FB077D5627CAB /* Pods_mySalesApp.framework */ = {isa = PBXFileReference; explicitFileType = wrapper.framework; includeInIndex = 0; path = Pods_mySalesApp.framework; sourceTree = BUILT_PRODUCTS_DIR; };
		B913B30E016DBFEF0012A1E1 /* Pods-mySalesAppUITests.debug.xcconfig */ = {isa = PBXFileReference; includeInIndex = 1; lastKnownFileType = text.xcconfig; name = "Pods-mySalesAppUITests.debug.xcconfig"; path = "Target Support Files/Pods-mySalesAppUITests/Pods-mySalesAppUITests.debug.xcconfig"; sourceTree = "<group>"; };
		C302DED6F068A719573A0487 /* Pods-mySalesApp.debug.xcconfig */ = {isa = PBXFileReference; includeInIndex = 1; lastKnownFileType = text.xcconfig; name = "Pods-mySalesApp.debug.xcconfig"; path = "Target Support Files/Pods-mySalesApp/Pods-mySalesApp.debug.xcconfig"; sourceTree = "<group>"; };
		D22585EC680D3B4B73B043F6 /* Pods-mySalesApp.release.xcconfig */ = {isa = PBXFileReference; includeInIndex = 1; lastKnownFileType = text.xcconfig; name = "Pods-mySalesApp.release.xcconfig"; path = "Target Support Files/Pods-mySalesApp/Pods-mySalesApp.release.xcconfig"; sourceTree = "<group>"; };
		D6678CA29808635661D04D81 /* Pods-mySalesAppUITests.release.xcconfig */ = {isa = PBXFileReference; includeInIndex = 1; lastKnownFileType = text.xcconfig; name = "Pods-mySalesAppUITests.release.xcconfig"; path = "Target Support Files/Pods-mySalesAppUITests/Pods-mySalesAppUITests.release.xcconfig"; sourceTree = "<group>"; };
		DCE3C5344B7A0635A35A23BA /* Pods-mySalesAppTests.debug.xcconfig */ = {isa = PBXFileReference; includeInIndex = 1; lastKnownFileType = text.xcconfig; name = "Pods-mySalesAppTests.debug.xcconfig"; path = "Target Support Files/Pods-mySalesAppTests/Pods-mySalesAppTests.debug.xcconfig"; sourceTree = "<group>"; };
/* End PBXFileReference section */

/* Begin PBXFrameworksBuildPhase section */
		7B33ED9B2227B778004C7822 /* Frameworks */ = {
			isa = PBXFrameworksBuildPhase;
			buildActionMask = 2147483647;
			files = (
				5DC3C8DCC8C42A4CD96336DF /* Pods_mySalesApp.framework in Frameworks */,
			);
			runOnlyForDeploymentPostprocessing = 0;
		};
		7B33EDAF2227B77E004C7822 /* Frameworks */ = {
			isa = PBXFrameworksBuildPhase;
			buildActionMask = 2147483647;
			files = (
				C7D67F436411C18BDDEFA958 /* Pods_mySalesAppTests.framework in Frameworks */,
			);
			runOnlyForDeploymentPostprocessing = 0;
		};
		7B33EDBA2227B77E004C7822 /* Frameworks */ = {
			isa = PBXFrameworksBuildPhase;
			buildActionMask = 2147483647;
			files = (
				674E1477C650A38C5FF2E504 /* Pods_mySalesAppUITests.framework in Frameworks */,
			);
			runOnlyForDeploymentPostprocessing = 0;
		};
/* End PBXFrameworksBuildPhase section */

/* Begin PBXGroup section */
		09617298C4190891E997C58B /* Pods */ = {
			isa = PBXGroup;
			children = (
				C302DED6F068A719573A0487 /* Pods-mySalesApp.debug.xcconfig */,
				D22585EC680D3B4B73B043F6 /* Pods-mySalesApp.release.xcconfig */,
				DCE3C5344B7A0635A35A23BA /* Pods-mySalesAppTests.debug.xcconfig */,
				1023581451B56DFB0BC0DBB6 /* Pods-mySalesAppTests.release.xcconfig */,
				B913B30E016DBFEF0012A1E1 /* Pods-mySalesAppUITests.debug.xcconfig */,
				D6678CA29808635661D04D81 /* Pods-mySalesAppUITests.release.xcconfig */,
			);
			path = Pods;
			sourceTree = "<group>";
		};
		33DBBE77823D87300D0AF2EE /* Frameworks */ = {
			isa = PBXGroup;
			children = (
				A60717F7327FB077D5627CAB /* Pods_mySalesApp.framework */,
				1707604B69E87C90CB10DBBE /* Pods_mySalesAppTests.framework */,
				96FD3EC7F2AA3D87DDDC4B25 /* Pods_mySalesAppUITests.framework */,
			);
			name = Frameworks;
			sourceTree = "<group>";
		};
		7B33ED952227B778004C7822 = {
			isa = PBXGroup;
			children = (
				7B33EDA02227B778004C7822 /* mySalesApp */,
				7B33EDB52227B77E004C7822 /* mySalesAppTests */,
				7B33EDC02227B77E004C7822 /* mySalesAppUITests */,
				7B33ED9F2227B778004C7822 /* Products */,
				09617298C4190891E997C58B /* Pods */,
				33DBBE77823D87300D0AF2EE /* Frameworks */,
			);
			sourceTree = "<group>";
		};
		7B33ED9F2227B778004C7822 /* Products */ = {
			isa = PBXGroup;
			children = (
				7B33ED9E2227B778004C7822 /* mySalesApp.app */,
				7B33EDB22227B77E004C7822 /* mySalesAppTests.xctest */,
				7B33EDBD2227B77E004C7822 /* mySalesAppUITests.xctest */,
			);
			name = Products;
			sourceTree = "<group>";
		};
		7B33EDA02227B778004C7822 /* mySalesApp */ = {
			isa = PBXGroup;
			children = (
				7B33EDD32227C9D0004C7822 /* createItemViewController.swift */,
				7B33EDA12227B778004C7822 /* AppDelegate.swift */,
				7B33EDD52228D5AA004C7822 /* activeItemsViewController.swift */,
				7B4269E0222A7C2300E87C58 /* tabBarViewController.swift */,
				7B33EDCF2227BAF7004C7822 /* Item.swift */,
				7B33EDA52227B778004C7822 /* Main.storyboard */,
				7B33EDA82227B77E004C7822 /* Assets.xcassets */,
				7B33EDAA2227B77E004C7822 /* LaunchScreen.storyboard */,
				7B33EDAD2227B77E004C7822 /* Info.plist */,
			);
			path = mySalesApp;
			sourceTree = "<group>";
		};
		7B33EDB52227B77E004C7822 /* mySalesAppTests */ = {
			isa = PBXGroup;
			children = (
				7B33EDB62227B77E004C7822 /* mySalesAppTests.swift */,
				7B33EDB82227B77E004C7822 /* Info.plist */,
			);
			path = mySalesAppTests;
			sourceTree = "<group>";
		};
		7B33EDC02227B77E004C7822 /* mySalesAppUITests */ = {
			isa = PBXGroup;
			children = (
				7B33EDC12227B77E004C7822 /* mySalesAppUITests.swift */,
				7B33EDC32227B77E004C7822 /* Info.plist */,
			);
			path = mySalesAppUITests;
			sourceTree = "<group>";
		};
/* End PBXGroup section */

/* Begin PBXNativeTarget section */
		7B33ED9D2227B778004C7822 /* mySalesApp */ = {
			isa = PBXNativeTarget;
			buildConfigurationList = 7B33EDC62227B77E004C7822 /* Build configuration list for PBXNativeTarget "mySalesApp" */;
			buildPhases = (
				0A94FDE12C42806290772E59 /* [CP] Check Pods Manifest.lock */,
				7B33ED9A2227B778004C7822 /* Sources */,
				7B33ED9B2227B778004C7822 /* Frameworks */,
				7B33ED9C2227B778004C7822 /* Resources */,
				793EA635D9AE701E89792C76 /* [CP] Embed Pods Frameworks */,
			);
			buildRules = (
			);
			dependencies = (
			);
			name = mySalesApp;
			productName = mySalesApp;
			productReference = 7B33ED9E2227B778004C7822 /* mySalesApp.app */;
			productType = "com.apple.product-type.application";
		};
		7B33EDB12227B77E004C7822 /* mySalesAppTests */ = {
			isa = PBXNativeTarget;
			buildConfigurationList = 7B33EDC92227B77E004C7822 /* Build configuration list for PBXNativeTarget "mySalesAppTests" */;
			buildPhases = (
				ABE442EB7C1DAF621C850C15 /* [CP] Check Pods Manifest.lock */,
				7B33EDAE2227B77E004C7822 /* Sources */,
				7B33EDAF2227B77E004C7822 /* Frameworks */,
				7B33EDB02227B77E004C7822 /* Resources */,
			);
			buildRules = (
			);
			dependencies = (
				7B33EDB42227B77E004C7822 /* PBXTargetDependency */,
			);
			name = mySalesAppTests;
			productName = mySalesAppTests;
			productReference = 7B33EDB22227B77E004C7822 /* mySalesAppTests.xctest */;
			productType = "com.apple.product-type.bundle.unit-test";
		};
		7B33EDBC2227B77E004C7822 /* mySalesAppUITests */ = {
			isa = PBXNativeTarget;
			buildConfigurationList = 7B33EDCC2227B77E004C7822 /* Build configuration list for PBXNativeTarget "mySalesAppUITests" */;
			buildPhases = (
				19FDA080E8CA611709662477 /* [CP] Check Pods Manifest.lock */,
				7B33EDB92227B77E004C7822 /* Sources */,
				7B33EDBA2227B77E004C7822 /* Frameworks */,
				7B33EDBB2227B77E004C7822 /* Resources */,
			);
			buildRules = (
			);
			dependencies = (
				7B33EDBF2227B77E004C7822 /* PBXTargetDependency */,
			);
			name = mySalesAppUITests;
			productName = mySalesAppUITests;
			productReference = 7B33EDBD2227B77E004C7822 /* mySalesAppUITests.xctest */;
			productType = "com.apple.product-type.bundle.ui-testing";
		};
/* End PBXNativeTarget section */

/* Begin PBXProject section */
		7B33ED962227B778004C7822 /* Project object */ = {
			isa = PBXProject;
			attributes = {
				LastSwiftUpdateCheck = 1010;
				LastUpgradeCheck = 1010;
				ORGANIZATIONNAME = allanski;
				TargetAttributes = {
					7B33ED9D2227B778004C7822 = {
						CreatedOnToolsVersion = 10.1;
						LastSwiftMigration = 1010;
					};
					7B33EDB12227B77E004C7822 = {
						CreatedOnToolsVersion = 10.1;
						TestTargetID = 7B33ED9D2227B778004C7822;
					};
					7B33EDBC2227B77E004C7822 = {
						CreatedOnToolsVersion = 10.1;
						TestTargetID = 7B33ED9D2227B778004C7822;
					};
				};
			};
			buildConfigurationList = 7B33ED992227B778004C7822 /* Build configuration list for PBXProject "mySalesApp" */;
			compatibilityVersion = "Xcode 9.3";
			developmentRegion = en;
			hasScannedForEncodings = 0;
			knownRegions = (
				en,
				Base,
			);
			mainGroup = 7B33ED952227B778004C7822;
			productRefGroup = 7B33ED9F2227B778004C7822 /* Products */;
			projectDirPath = "";
			projectRoot = "";
			targets = (
				7B33ED9D2227B778004C7822 /* mySalesApp */,
				7B33EDB12227B77E004C7822 /* mySalesAppTests */,
				7B33EDBC2227B77E004C7822 /* mySalesAppUITests */,
			);
		};
/* End PBXProject section */

/* Begin PBXResourcesBuildPhase section */
		7B33ED9C2227B778004C7822 /* Resources */ = {
			isa = PBXResourcesBuildPhase;
			buildActionMask = 2147483647;
			files = (
				7B33EDAC2227B77E004C7822 /* LaunchScreen.storyboard in Resources */,
				7B33EDA92227B77E004C7822 /* Assets.xcassets in Resources */,
				7B33EDA72227B778004C7822 /* Main.storyboard in Resources */,
			);
			runOnlyForDeploymentPostprocessing = 0;
		};
		7B33EDB02227B77E004C7822 /* Resources */ = {
			isa = PBXResourcesBuildPhase;
			buildActionMask = 2147483647;
			files = (
			);
			runOnlyForDeploymentPostprocessing = 0;
		};
		7B33EDBB2227B77E004C7822 /* Resources */ = {
			isa = PBXResourcesBuildPhase;
			buildActionMask = 2147483647;
			files = (
			);
			runOnlyForDeploymentPostprocessing = 0;
		};
/* End PBXResourcesBuildPhase section */

/* Begin PBXShellScriptBuildPhase section */
		0A94FDE12C42806290772E59 /* [CP] Check Pods Manifest.lock */ = {
			isa = PBXShellScriptBuildPhase;
			buildActionMask = 2147483647;
			files = (
			);
			inputFileListPaths = (
			);
			inputPaths = (
				"${PODS_PODFILE_DIR_PATH}/Podfile.lock",
				"${PODS_ROOT}/Manifest.lock",
			);
			name = "[CP] Check Pods Manifest.lock";
			outputFileListPaths = (
			);
			outputPaths = (
				"$(DERIVED_FILE_DIR)/Pods-mySalesApp-checkManifestLockResult.txt",
			);
			runOnlyForDeploymentPostprocessing = 0;
			shellPath = /bin/sh;
			shellScript = "diff \"${PODS_PODFILE_DIR_PATH}/Podfile.lock\" \"${PODS_ROOT}/Manifest.lock\" > /dev/null\nif [ $? != 0 ] ; then\n    # print error to STDERR\n    echo \"error: The sandbox is not in sync with the Podfile.lock. Run 'pod install' or update your CocoaPods installation.\" >&2\n    exit 1\nfi\n# This output is used by Xcode 'outputs' to avoid re-running this script phase.\necho \"SUCCESS\" > \"${SCRIPT_OUTPUT_FILE_0}\"\n";
			showEnvVarsInLog = 0;
		};
		19FDA080E8CA611709662477 /* [CP] Check Pods Manifest.lock */ = {
			isa = PBXShellScriptBuildPhase;
			buildActionMask = 2147483647;
			files = (
			);
			inputFileListPaths = (
			);
			inputPaths = (
				"${PODS_PODFILE_DIR_PATH}/Podfile.lock",
				"${PODS_ROOT}/Manifest.lock",
			);
			name = "[CP] Check Pods Manifest.lock";
			outputFileListPaths = (
			);
			outputPaths = (
				"$(DERIVED_FILE_DIR)/Pods-mySalesAppUITests-checkManifestLockResult.txt",
			);
			runOnlyForDeploymentPostprocessing = 0;
			shellPath = /bin/sh;
			shellScript = "diff \"${PODS_PODFILE_DIR_PATH}/Podfile.lock\" \"${PODS_ROOT}/Manifest.lock\" > /dev/null\nif [ $? != 0 ] ; then\n    # print error to STDERR\n    echo \"error: The sandbox is not in sync with the Podfile.lock. Run 'pod install' or update your CocoaPods installation.\" >&2\n    exit 1\nfi\n# This output is used by Xcode 'outputs' to avoid re-running this script phase.\necho \"SUCCESS\" > \"${SCRIPT_OUTPUT_FILE_0}\"\n";
			showEnvVarsInLog = 0;
		};
		793EA635D9AE701E89792C76 /* [CP] Embed Pods Frameworks */ = {
			isa = PBXShellScriptBuildPhase;
			buildActionMask = 2147483647;
			files = (
			);
			inputFileListPaths = (
			);
			inputPaths = (
				"${PODS_ROOT}/Target Support Files/Pods-mySalesApp/Pods-mySalesApp-frameworks.sh",
				"${BUILT_PRODUCTS_DIR}/Nuke/Nuke.framework",
				"${BUILT_PRODUCTS_DIR}/OpalImagePicker/OpalImagePicker.framework",
				"${BUILT_PRODUCTS_DIR}/Realm/Realm.framework",
				"${BUILT_PRODUCTS_DIR}/RealmSwift/RealmSwift.framework",
			);
			name = "[CP] Embed Pods Frameworks";
			outputFileListPaths = (
			);
			outputPaths = (
				"${TARGET_BUILD_DIR}/${FRAMEWORKS_FOLDER_PATH}/Nuke.framework",
				"${TARGET_BUILD_DIR}/${FRAMEWORKS_FOLDER_PATH}/OpalImagePicker.framework",
				"${TARGET_BUILD_DIR}/${FRAMEWORKS_FOLDER_PATH}/Realm.framework",
				"${TARGET_BUILD_DIR}/${FRAMEWORKS_FOLDER_PATH}/RealmSwift.framework",
			);
			runOnlyForDeploymentPostprocessing = 0;
			shellPath = /bin/sh;
			shellScript = "\"${PODS_ROOT}/Target Support Files/Pods-mySalesApp/Pods-mySalesApp-frameworks.sh\"\n";
			showEnvVarsInLog = 0;
		};
		ABE442EB7C1DAF621C850C15 /* [CP] Check Pods Manifest.lock */ = {
			isa = PBXShellScriptBuildPhase;
			buildActionMask = 2147483647;
			files = (
			);
			inputFileListPaths = (
			);
			inputPaths = (
				"${PODS_PODFILE_DIR_PATH}/Podfile.lock",
				"${PODS_ROOT}/Manifest.lock",
			);
			name = "[CP] Check Pods Manifest.lock";
			outputFileListPaths = (
			);
			outputPaths = (
				"$(DERIVED_FILE_DIR)/Pods-mySalesAppTests-checkManifestLockResult.txt",
			);
			runOnlyForDeploymentPostprocessing = 0;
			shellPath = /bin/sh;
			shellScript = "diff \"${PODS_PODFILE_DIR_PATH}/Podfile.lock\" \"${PODS_ROOT}/Manifest.lock\" > /dev/null\nif [ $? != 0 ] ; then\n    # print error to STDERR\n    echo \"error: The sandbox is not in sync with the Podfile.lock. Run 'pod install' or update your CocoaPods installation.\" >&2\n    exit 1\nfi\n# This output is used by Xcode 'outputs' to avoid re-running this script phase.\necho \"SUCCESS\" > \"${SCRIPT_OUTPUT_FILE_0}\"\n";
			showEnvVarsInLog = 0;
		};
/* End PBXShellScriptBuildPhase section */

/* Begin PBXSourcesBuildPhase section */
		7B33ED9A2227B778004C7822 /* Sources */ = {
			isa = PBXSourcesBuildPhase;
			buildActionMask = 2147483647;
			files = (
				7B33EDD02227BAF7004C7822 /* Item.swift in Sources */,
				7B33EDA22227B778004C7822 /* AppDelegate.swift in Sources */,
				7B4269E1222A7C2300E87C58 /* tabBarViewController.swift in Sources */,
				7B33EDD62228D5AA004C7822 /* activeItemsViewController.swift in Sources */,
				7B33EDD42227C9D1004C7822 /* createItemViewController.swift in Sources */,
			);
			runOnlyForDeploymentPostprocessing = 0;
		};
		7B33EDAE2227B77E004C7822 /* Sources */ = {
			isa = PBXSourcesBuildPhase;
			buildActionMask = 2147483647;
			files = (
				7B33EDB72227B77E004C7822 /* mySalesAppTests.swift in Sources */,
			);
			runOnlyForDeploymentPostprocessing = 0;
		};
		7B33EDB92227B77E004C7822 /* Sources */ = {
			isa = PBXSourcesBuildPhase;
			buildActionMask = 2147483647;
			files = (
				7B33EDC22227B77E004C7822 /* mySalesAppUITests.swift in Sources */,
			);
			runOnlyForDeploymentPostprocessing = 0;
		};
/* End PBXSourcesBuildPhase section */

/* Begin PBXTargetDependency section */
		7B33EDB42227B77E004C7822 /* PBXTargetDependency */ = {
			isa = PBXTargetDependency;
			target = 7B33ED9D2227B778004C7822 /* mySalesApp */;
			targetProxy = 7B33EDB32227B77E004C7822 /* PBXContainerItemProxy */;
		};
		7B33EDBF2227B77E004C7822 /* PBXTargetDependency */ = {
			isa = PBXTargetDependency;
			target = 7B33ED9D2227B778004C7822 /* mySalesApp */;
			targetProxy = 7B33EDBE2227B77E004C7822 /* PBXContainerItemProxy */;
		};
/* End PBXTargetDependency section */

/* Begin PBXVariantGroup section */
		7B33EDA52227B778004C7822 /* Main.storyboard */ = {
			isa = PBXVariantGroup;
			children = (
				7B33EDA62227B778004C7822 /* Base */,
			);
			name = Main.storyboard;
			sourceTree = "<group>";
		};
		7B33EDAA2227B77E004C7822 /* LaunchScreen.storyboard */ = {
			isa = PBXVariantGroup;
			children = (
				7B33EDAB2227B77E004C7822 /* Base */,
			);
			name = LaunchScreen.storyboard;
			sourceTree = "<group>";
		};
/* End PBXVariantGroup section */

/* Begin XCBuildConfiguration section */
		7B33EDC42227B77E004C7822 /* Debug */ = {
			isa = XCBuildConfiguration;
			buildSettings = {
				ALWAYS_SEARCH_USER_PATHS = NO;
				CLANG_ANALYZER_NONNULL = YES;
				CLANG_ANALYZER_NUMBER_OBJECT_CONVERSION = YES_AGGRESSIVE;
				CLANG_CXX_LANGUAGE_STANDARD = "gnu++14";
				CLANG_CXX_LIBRARY = "libc++";
				CLANG_ENABLE_MODULES = YES;
				CLANG_ENABLE_OBJC_ARC = YES;
				CLANG_ENABLE_OBJC_WEAK = YES;
				CLANG_WARN_BLOCK_CAPTURE_AUTORELEASING = YES;
				CLANG_WARN_BOOL_CONVERSION = YES;
				CLANG_WARN_COMMA = YES;
				CLANG_WARN_CONSTANT_CONVERSION = YES;
				CLANG_WARN_DEPRECATED_OBJC_IMPLEMENTATIONS = YES;
				CLANG_WARN_DIRECT_OBJC_ISA_USAGE = YES_ERROR;
				CLANG_WARN_DOCUMENTATION_COMMENTS = YES;
				CLANG_WARN_EMPTY_BODY = YES;
				CLANG_WARN_ENUM_CONVERSION = YES;
				CLANG_WARN_INFINITE_RECURSION = YES;
				CLANG_WARN_INT_CONVERSION = YES;
				CLANG_WARN_NON_LITERAL_NULL_CONVERSION = YES;
				CLANG_WARN_OBJC_IMPLICIT_RETAIN_SELF = YES;
				CLANG_WARN_OBJC_LITERAL_CONVERSION = YES;
				CLANG_WARN_OBJC_ROOT_CLASS = YES_ERROR;
				CLANG_WARN_RANGE_LOOP_ANALYSIS = YES;
				CLANG_WARN_STRICT_PROTOTYPES = YES;
				CLANG_WARN_SUSPICIOUS_MOVE = YES;
				CLANG_WARN_UNGUARDED_AVAILABILITY = YES_AGGRESSIVE;
				CLANG_WARN_UNREACHABLE_CODE = YES;
				CLANG_WARN__DUPLICATE_METHOD_MATCH = YES;
				CODE_SIGN_IDENTITY = "iPhone Developer";
				COPY_PHASE_STRIP = NO;
				DEBUG_INFORMATION_FORMAT = dwarf;
				ENABLE_STRICT_OBJC_MSGSEND = YES;
				ENABLE_TESTABILITY = YES;
				GCC_C_LANGUAGE_STANDARD = gnu11;
				GCC_DYNAMIC_NO_PIC = NO;
				GCC_NO_COMMON_BLOCKS = YES;
				GCC_OPTIMIZATION_LEVEL = 0;
				GCC_PREPROCESSOR_DEFINITIONS = (
					"DEBUG=1",
					"$(inherited)",
				);
				GCC_WARN_64_TO_32_BIT_CONVERSION = YES;
				GCC_WARN_ABOUT_RETURN_TYPE = YES_ERROR;
				GCC_WARN_UNDECLARED_SELECTOR = YES;
				GCC_WARN_UNINITIALIZED_AUTOS = YES_AGGRESSIVE;
				GCC_WARN_UNUSED_FUNCTION = YES;
				GCC_WARN_UNUSED_VARIABLE = YES;
				IPHONEOS_DEPLOYMENT_TARGET = 12.1;
				MTL_ENABLE_DEBUG_INFO = INCLUDE_SOURCE;
				MTL_FAST_MATH = YES;
				ONLY_ACTIVE_ARCH = YES;
				SDKROOT = iphoneos;
				SWIFT_ACTIVE_COMPILATION_CONDITIONS = DEBUG;
				SWIFT_OPTIMIZATION_LEVEL = "-Onone";
			};
			name = Debug;
		};
		7B33EDC52227B77E004C7822 /* Release */ = {
			isa = XCBuildConfiguration;
			buildSettings = {
				ALWAYS_SEARCH_USER_PATHS = NO;
				CLANG_ANALYZER_NONNULL = YES;
				CLANG_ANALYZER_NUMBER_OBJECT_CONVERSION = YES_AGGRESSIVE;
				CLANG_CXX_LANGUAGE_STANDARD = "gnu++14";
				CLANG_CXX_LIBRARY = "libc++";
				CLANG_ENABLE_MODULES = YES;
				CLANG_ENABLE_OBJC_ARC = YES;
				CLANG_ENABLE_OBJC_WEAK = YES;
				CLANG_WARN_BLOCK_CAPTURE_AUTORELEASING = YES;
				CLANG_WARN_BOOL_CONVERSION = YES;
				CLANG_WARN_COMMA = YES;
				CLANG_WARN_CONSTANT_CONVERSION = YES;
				CLANG_WARN_DEPRECATED_OBJC_IMPLEMENTATIONS = YES;
				CLANG_WARN_DIRECT_OBJC_ISA_USAGE = YES_ERROR;
				CLANG_WARN_DOCUMENTATION_COMMENTS = YES;
				CLANG_WARN_EMPTY_BODY = YES;
				CLANG_WARN_ENUM_CONVERSION = YES;
				CLANG_WARN_INFINITE_RECURSION = YES;
				CLANG_WARN_INT_CONVERSION = YES;
				CLANG_WARN_NON_LITERAL_NULL_CONVERSION = YES;
				CLANG_WARN_OBJC_IMPLICIT_RETAIN_SELF = YES;
				CLANG_WARN_OBJC_LITERAL_CONVERSION = YES;
				CLANG_WARN_OBJC_ROOT_CLASS = YES_ERROR;
				CLANG_WARN_RANGE_LOOP_ANALYSIS = YES;
				CLANG_WARN_STRICT_PROTOTYPES = YES;
				CLANG_WARN_SUSPICIOUS_MOVE = YES;
				CLANG_WARN_UNGUARDED_AVAILABILITY = YES_AGGRESSIVE;
				CLANG_WARN_UNREACHABLE_CODE = YES;
				CLANG_WARN__DUPLICATE_METHOD_MATCH = YES;
				CODE_SIGN_IDENTITY = "iPhone Developer";
				COPY_PHASE_STRIP = NO;
				DEBUG_INFORMATION_FORMAT = "dwarf-with-dsym";
				ENABLE_NS_ASSERTIONS = NO;
				ENABLE_STRICT_OBJC_MSGSEND = YES;
				GCC_C_LANGUAGE_STANDARD = gnu11;
				GCC_NO_COMMON_BLOCKS = YES;
				GCC_WARN_64_TO_32_BIT_CONVERSION = YES;
				GCC_WARN_ABOUT_RETURN_TYPE = YES_ERROR;
				GCC_WARN_UNDECLARED_SELECTOR = YES;
				GCC_WARN_UNINITIALIZED_AUTOS = YES_AGGRESSIVE;
				GCC_WARN_UNUSED_FUNCTION = YES;
				GCC_WARN_UNUSED_VARIABLE = YES;
				IPHONEOS_DEPLOYMENT_TARGET = 12.1;
				MTL_ENABLE_DEBUG_INFO = NO;
				MTL_FAST_MATH = YES;
				SDKROOT = iphoneos;
				SWIFT_COMPILATION_MODE = wholemodule;
				SWIFT_OPTIMIZATION_LEVEL = "-O";
				VALIDATE_PRODUCT = YES;
			};
			name = Release;
		};
		7B33EDC72227B77E004C7822 /* Debug */ = {
			isa = XCBuildConfiguration;
			baseConfigurationReference = C302DED6F068A719573A0487 /* Pods-mySalesApp.debug.xcconfig */;
			buildSettings = {
				ASSETCATALOG_COMPILER_APPICON_NAME = AppIcon;
				CLANG_ENABLE_MODULES = YES;
				CODE_SIGN_STYLE = Automatic;
				DEVELOPMENT_TEAM = 8N6S73J44X;
				INFOPLIST_FILE = mySalesApp/Info.plist;
				LD_RUNPATH_SEARCH_PATHS = (
					"$(inherited)",
					"@executable_path/Frameworks",
				);
				PRODUCT_BUNDLE_IDENTIFIER = allanski.mySalesApp;
				PRODUCT_NAME = "$(TARGET_NAME)";
				SWIFT_OBJC_BRIDGING_HEADER = "";
				SWIFT_OPTIMIZATION_LEVEL = "-Onone";
				SWIFT_VERSION = 4.2;
				TARGETED_DEVICE_FAMILY = "1,2";
			};
			name = Debug;
		};
		7B33EDC82227B77E004C7822 /* Release */ = {
			isa = XCBuildConfiguration;
			baseConfigurationReference = D22585EC680D3B4B73B043F6 /* Pods-mySalesApp.release.xcconfig */;
			buildSettings = {
				ASSETCATALOG_COMPILER_APPICON_NAME = AppIcon;
				CLANG_ENABLE_MODULES = YES;
				CODE_SIGN_STYLE = Automatic;
				DEVELOPMENT_TEAM = 8N6S73J44X;
				INFOPLIST_FILE = mySalesApp/Info.plist;
				LD_RUNPATH_SEARCH_PATHS = (
					"$(inherited)",
					"@executable_path/Frameworks",
				);
				PRODUCT_BUNDLE_IDENTIFIER = allanski.mySalesApp;
				PRODUCT_NAME = "$(TARGET_NAME)";
				SWIFT_OBJC_BRIDGING_HEADER = "";
				SWIFT_VERSION = 4.2;
				TARGETED_DEVICE_FAMILY = "1,2";
			};
			name = Release;
		};
		7B33EDCA2227B77E004C7822 /* Debug */ = {
			isa = XCBuildConfiguration;
			baseConfigurationReference = DCE3C5344B7A0635A35A23BA /* Pods-mySalesAppTests.debug.xcconfig */;
			buildSettings = {
				ALWAYS_EMBED_SWIFT_STANDARD_LIBRARIES = YES;
				BUNDLE_LOADER = "$(TEST_HOST)";
				CODE_SIGN_STYLE = Automatic;
				INFOPLIST_FILE = mySalesAppTests/Info.plist;
				LD_RUNPATH_SEARCH_PATHS = (
					"$(inherited)",
					"@executable_path/Frameworks",
					"@loader_path/Frameworks",
				);
				PRODUCT_BUNDLE_IDENTIFIER = allanski.mySalesAppTests;
				PRODUCT_NAME = "$(TARGET_NAME)";
				SWIFT_VERSION = 4.2;
				TARGETED_DEVICE_FAMILY = "1,2";
				TEST_HOST = "$(BUILT_PRODUCTS_DIR)/mySalesApp.app/mySalesApp";
			};
			name = Debug;
		};
		7B33EDCB2227B77E004C7822 /* Release */ = {
			isa = XCBuildConfiguration;
			baseConfigurationReference = 1023581451B56DFB0BC0DBB6 /* Pods-mySalesAppTests.release.xcconfig */;
			buildSettings = {
				ALWAYS_EMBED_SWIFT_STANDARD_LIBRARIES = YES;
				BUNDLE_LOADER = "$(TEST_HOST)";
				CODE_SIGN_STYLE = Automatic;
				INFOPLIST_FILE = mySalesAppTests/Info.plist;
				LD_RUNPATH_SEARCH_PATHS = (
					"$(inherited)",
					"@executable_path/Frameworks",
					"@loader_path/Frameworks",
				);
				PRODUCT_BUNDLE_IDENTIFIER = allanski.mySalesAppTests;
				PRODUCT_NAME = "$(TARGET_NAME)";
				SWIFT_VERSION = 4.2;
				TARGETED_DEVICE_FAMILY = "1,2";
				TEST_HOST = "$(BUILT_PRODUCTS_DIR)/mySalesApp.app/mySalesApp";
			};
			name = Release;
		};
		7B33EDCD2227B77E004C7822 /* Debug */ = {
			isa = XCBuildConfiguration;
			baseConfigurationReference = B913B30E016DBFEF0012A1E1 /* Pods-mySalesAppUITests.debug.xcconfig */;
			buildSettings = {
				ALWAYS_EMBED_SWIFT_STANDARD_LIBRARIES = YES;
				CODE_SIGN_STYLE = Automatic;
				INFOPLIST_FILE = mySalesAppUITests/Info.plist;
				LD_RUNPATH_SEARCH_PATHS = (
					"$(inherited)",
					"@executable_path/Frameworks",
					"@loader_path/Frameworks",
				);
				PRODUCT_BUNDLE_IDENTIFIER = allanski.mySalesAppUITests;
				PRODUCT_NAME = "$(TARGET_NAME)";
				SWIFT_VERSION = 4.2;
				TARGETED_DEVICE_FAMILY = "1,2";
				TEST_TARGET_NAME = mySalesApp;
			};
			name = Debug;
		};
		7B33EDCE2227B77E004C7822 /* Release */ = {
			isa = XCBuildConfiguration;
			baseConfigurationReference = D6678CA29808635661D04D81 /* Pods-mySalesAppUITests.release.xcconfig */;
			buildSettings = {
				ALWAYS_EMBED_SWIFT_STANDARD_LIBRARIES = YES;
				CODE_SIGN_STYLE = Automatic;
				INFOPLIST_FILE = mySalesAppUITests/Info.plist;
				LD_RUNPATH_SEARCH_PATHS = (
					"$(inherited)",
					"@executable_path/Frameworks",
					"@loader_path/Frameworks",
				);
				PRODUCT_BUNDLE_IDENTIFIER = allanski.mySalesAppUITests;
				PRODUCT_NAME = "$(TARGET_NAME)";
				SWIFT_VERSION = 4.2;
				TARGETED_DEVICE_FAMILY = "1,2";
				TEST_TARGET_NAME = mySalesApp;
			};
			name = Release;
		};
/* End XCBuildConfiguration section */

/* Begin XCConfigurationList section */
		7B33ED992227B778004C7822 /* Build configuration list for PBXProject "mySalesApp" */ = {
			isa = XCConfigurationList;
			buildConfigurations = (
				7B33EDC42227B77E004C7822 /* Debug */,
				7B33EDC52227B77E004C7822 /* Release */,
			);
			defaultConfigurationIsVisible = 0;
			defaultConfigurationName = Release;
		};
		7B33EDC62227B77E004C7822 /* Build configuration list for PBXNativeTarget "mySalesApp" */ = {
			isa = XCConfigurationList;
			buildConfigurations = (
				7B33EDC72227B77E004C7822 /* Debug */,
				7B33EDC82227B77E004C7822 /* Release */,
			);
			defaultConfigurationIsVisible = 0;
			defaultConfigurationName = Release;
		};
		7B33EDC92227B77E004C7822 /* Build configuration list for PBXNativeTarget "mySalesAppTests" */ = {
			isa = XCConfigurationList;
			buildConfigurations = (
				7B33EDCA2227B77E004C7822 /* Debug */,
				7B33EDCB2227B77E004C7822 /* Release */,
			);
			defaultConfigurationIsVisible = 0;
			defaultConfigurationName = Release;
		};
		7B33EDCC2227B77E004C7822 /* Build configuration list for PBXNativeTarget "mySalesAppUITests" */ = {
			isa = XCConfigurationList;
			buildConfigurations = (
				7B33EDCD2227B77E004C7822 /* Debug */,
				7B33EDCE2227B77E004C7822 /* Release */,
			);
			defaultConfigurationIsVisible = 0;
			defaultConfigurationName = Release;
		};
/* End XCConfigurationList section */
	};
	rootObject = 7B33ED962227B778004C7822 /* Project object */;
}
